{
  "version": 4,
  "terraform_version": "1.7.3",
  "serial": 6,
  "lineage": "5c7a6e86-d8df-018d-55b0-08744ec993ee",
  "outputs": {},
  "resources": [
    {
      "mode": "managed",
      "type": "azurerm_mssql_firewall_rule",
      "name": "name",
      "provider": "provider[\"registry.terraform.io/hashicorp/azurerm\"]",
      "instances": [
        {
          "schema_version": 0,
          "attributes": {
            "end_ip_address": "0.0.0.0",
            "id": "/subscriptions/6edc33b0-5f44-4f82-9045-080dcd747c14/resourceGroups/UrlShortRGuuuuss/providers/Microsoft.Sql/servers/ribanecsqlserveruuss/firewallRules/UrlShortFirewalluuuuss",
            "name": "UrlShortFirewalluuuuss",
            "server_id": "/subscriptions/6edc33b0-5f44-4f82-9045-080dcd747c14/resourceGroups/UrlShortRGuuuuss/providers/Microsoft.Sql/servers/ribanecsqlserveruuss",
            "start_ip_address": "0.0.0.0",
            "timeouts": null
          },
          "sensitive_attributes": [],
          "private": "eyJlMmJmYjczMC1lY2FhLTExZTYtOGY4OC0zNDM2M2JjN2M0YzAiOnsiY3JlYXRlIjoxODAwMDAwMDAwMDAwLCJkZWxldGUiOjE4MDAwMDAwMDAwMDAsInJlYWQiOjMwMDAwMDAwMDAwMCwidXBkYXRlIjoxODAwMDAwMDAwMDAwfX0=",
          "dependencies": [
            "azurerm_mssql_server.sqlserver",
            "azurerm_resource_group.arg"
          ]
        }
      ]
    },
    {
      "mode": "managed",
      "type": "azurerm_mssql_server",
      "name": "sqlserver",
      "provider": "provider[\"registry.terraform.io/hashicorp/azurerm\"]",
      "instances": [
        {
          "schema_version": 0,
          "attributes": {
            "administrator_login": "4dm1n157r470ru",
            "administrator_login_password": "4-v3ry-53cr37-p455w0rd",
            "azuread_administrator": [],
            "connection_policy": "Default",
            "fully_qualified_domain_name": "ribanecsqlserveruuss.database.windows.net",
            "id": "/subscriptions/6edc33b0-5f44-4f82-9045-080dcd747c14/resourceGroups/UrlShortRGuuuuss/providers/Microsoft.Sql/servers/ribanecsqlserveruuss",
            "identity": [],
            "location": "westeurope",
            "minimum_tls_version": "1.2",
            "name": "ribanecsqlserveruuss",
            "outbound_network_restriction_enabled": false,
            "primary_user_assigned_identity_id": "",
            "public_network_access_enabled": true,
            "resource_group_name": "UrlShortRGuuuuss",
            "restorable_dropped_database_ids": [],
            "tags": null,
            "timeouts": null,
            "transparent_data_encryption_key_vault_key_id": "",
            "version": "12.0"
          },
          "sensitive_attributes": [],
          "private": "eyJlMmJmYjczMC1lY2FhLTExZTYtOGY4OC0zNDM2M2JjN2M0YzAiOnsiY3JlYXRlIjozNjAwMDAwMDAwMDAwLCJkZWxldGUiOjM2MDAwMDAwMDAwMDAsInJlYWQiOjMwMDAwMDAwMDAwMCwidXBkYXRlIjozNjAwMDAwMDAwMDAwfX0=",
          "dependencies": [
            "azurerm_resource_group.arg"
          ]
        }
      ]
    },
    {
      "mode": "managed",
      "type": "azurerm_resource_group",
      "name": "arg",
      "provider": "provider[\"registry.terraform.io/hashicorp/azurerm\"]",
      "instances": [
        {
          "schema_version": 0,
          "attributes": {
            "id": "/subscriptions/6edc33b0-5f44-4f82-9045-080dcd747c14/resourceGroups/UrlShortRGuuuuss",
            "location": "westeurope",
            "managed_by": "",
            "name": "UrlShortRGuuuuss",
            "tags": null,
            "timeouts": null
          },
          "sensitive_attributes": [],
          "private": "eyJlMmJmYjczMC1lY2FhLTExZTYtOGY4OC0zNDM2M2JjN2M0YzAiOnsiY3JlYXRlIjo1NDAwMDAwMDAwMDAwLCJkZWxldGUiOjU0MDAwMDAwMDAwMDAsInJlYWQiOjMwMDAwMDAwMDAwMCwidXBkYXRlIjo1NDAwMDAwMDAwMDAwfX0="
        }
      ]
    }
  ],
  "check_results": null
}
